// !$*UTF8*$!
{
	archiveVersion = 1;
	classes = {
	};
	objectVersion = 56;
	objects = {

/* Begin PBXBuildFile section */
		9380D5302A9D7AFA002C92C9 /* AppDelegate.swift in Sources */ = {isa = PBXBuildFile; fileRef = 9380D52F2A9D7AFA002C92C9 /* AppDelegate.swift */; };
		9380D5322A9D7AFA002C92C9 /* SceneDelegate.swift in Sources */ = {isa = PBXBuildFile; fileRef = 9380D5312A9D7AFA002C92C9 /* SceneDelegate.swift */; };
		9380D5342A9D7AFA002C92C9 /* ViewController.swift in Sources */ = {isa = PBXBuildFile; fileRef = 9380D5332A9D7AFA002C92C9 /* ViewController.swift */; };
		9380D5372A9D7AFA002C92C9 /* Main.storyboard in Resources */ = {isa = PBXBuildFile; fileRef = 9380D5352A9D7AFA002C92C9 /* Main.storyboard */; };
		9380D53A2A9D7AFA002C92C9 /* AutosSwift.xcdatamodeld in Sources */ = {isa = PBXBuildFile; fileRef = 9380D5382A9D7AFA002C92C9 /* AutosSwift.xcdatamodeld */; };
		9380D53C2A9D7AFB002C92C9 /* Assets.xcassets in Resources */ = {isa = PBXBuildFile; fileRef = 9380D53B2A9D7AFB002C92C9 /* Assets.xcassets */; };
		9380D53F2A9D7AFB002C92C9 /* LaunchScreen.storyboard in Resources */ = {isa = PBXBuildFile; fileRef = 9380D53D2A9D7AFB002C92C9 /* LaunchScreen.storyboard */; };
		9380D5472A9D7CF1002C92C9 /* Auto.swift in Sources */ = {isa = PBXBuildFile; fileRef = 9380D5462A9D7CF1002C92C9 /* Auto.swift */; };
/* End PBXBuildFile section */

/* Begin PBXFileReference section */
		9380D52C2A9D7AFA002C92C9 /* AutosSwift.app */ = {isa = PBXFileReference; explicitFileType = wrapper.application; includeInIndex = 0; path = AutosSwift.app; sourceTree = BUILT_PRODUCTS_DIR; };
		9380D52F2A9D7AFA002C92C9 /* AppDelegate.swift */ = {isa = PBXFileReference; lastKnownFileType = sourcecode.swift; path = AppDelegate.swift; sourceTree = "<group>"; };
		9380D5312A9D7AFA002C92C9 /* SceneDelegate.swift */ = {isa = PBXFileReference; lastKnownFileType = sourcecode.swift; path = SceneDelegate.swift; sourceTree = "<group>"; };
		9380D5332A9D7AFA002C92C9 /* ViewController.swift */ = {isa = PBXFileReference; lastKnownFileType = sourcecode.swift; path = ViewController.swift; sourceTree = "<group>"; };
		9380D5362A9D7AFA002C92C9 /* Base */ = {isa = PBXFileReference; lastKnownFileType = file.storyboard; name = Base; path = Base.lproj/Main.storyboard; sourceTree = "<group>"; };
		9380D5392A9D7AFA002C92C9 /* AutosSwift.xcdatamodel */ = {isa = PBXFileReference; lastKnownFileType = wrapper.xcdatamodel; path = AutosSwift.xcdatamodel; sourceTree = "<group>"; };
		9380D53B2A9D7AFB002C92C9 /* Assets.xcassets */ = {isa = PBXFileReference; lastKnownFileType = folder.assetcatalog; path = Assets.xcassets; sourceTree = "<group>"; };
		9380D53E2A9D7AFB002C92C9 /* Base */ = {isa = PBXFileReference; lastKnownFileType = file.storyboard; name = Base; path = Base.lproj/LaunchScreen.storyboard; sourceTree = "<group>"; };
		9380D5402A9D7AFB002C92C9 /* Info.plist */ = {isa = PBXFileReference; lastKnownFileType = text.plist.xml; path = Info.plist; sourceTree = "<group>"; };
		9380D5462A9D7CF1002C92C9 /* Auto.swift */ = {isa = PBXFileReference; lastKnownFileType = sourcecode.swift; path = Auto.swift; sourceTree = "<group>"; };
/* End PBXFileReference section */

/* Begin PBXFrameworksBuildPhase section */
		9380D5292A9D7AFA002C92C9 /* Frameworks */ = {
			isa = PBXFrameworksBuildPhase;
			buildActionMask = 2147483647;
			files = (
			);
			runOnlyForDeploymentPostprocessing = 0;
		};
/* End PBXFrameworksBuildPhase section */

/* Begin PBXGroup section */
		9380D5232A9D7AFA002C92C9 = {
			isa = PBXGroup;
			children = (
				9380D52E2A9D7AFA002C92C9 /* AutosSwift */,
				9380D52D2A9D7AFA002C92C9 /* Products */,
			);
			sourceTree = "<group>";
		};
		9380D52D2A9D7AFA002C92C9 /* Products */ = {
			isa = PBXGroup;
			children = (
				9380D52C2A9D7AFA002C92C9 /* AutosSwift.app */,
			);
			name = Products;
			sourceTree = "<group>";
		};
		9380D52E2A9D7AFA002C92C9 /* AutosSwift */ = {
			isa = PBXGroup;
			children = (
				9380D52F2A9D7AFA002C92C9 /* AppDelegate.swift */,
				9380D5312A9D7AFA002C92C9 /* SceneDelegate.swift */,
				9380D5332A9D7AFA002C92C9 /* ViewController.swift */,
				9380D5352A9D7AFA002C92C9 /* Main.storyboard */,
				9380D53B2A9D7AFB002C92C9 /* Assets.xcassets */,
				9380D53D2A9D7AFB002C92C9 /* LaunchScreen.storyboard */,
				9380D5402A9D7AFB002C92C9 /* Info.plist */,
				9380D5382A9D7AFA002C92C9 /* AutosSwift.xcdatamodeld */,
				9380D5462A9D7CF1002C92C9 /* Auto.swift */,
			);
			path = AutosSwift;
			sourceTree = "<group>";
		};
/* End PBXGroup section */

/* Begin PBXNativeTarget section */
		9380D52B2A9D7AFA002C92C9 /* AutosSwift */ = {
			isa = PBXNativeTarget;
			buildConfigurationList = 9380D5432A9D7AFB002C92C9 /* Build configuration list for PBXNativeTarget "AutosSwift" */;
			buildPhases = (
				9380D5282A9D7AFA002C92C9 /* Sources */,
				9380D5292A9D7AFA002C92C9 /* Frameworks */,
				9380D52A2A9D7AFA002C92C9 /* Resources */,
			);
			buildRules = (
			);
			dependencies = (
			);
			name = AutosSwift;
			productName = AutosSwift;
			productReference = 9380D52C2A9D7AFA002C92C9 /* AutosSwift.app */;
			productType = "com.apple.product-type.application";
		};
/* End PBXNativeTarget section */

/* Begin PBXProject section */
		9380D5242A9D7AFA002C92C9 /* Project object */ = {
			isa = PBXProject;
			attributes = {
				BuildIndependentTargetsInParallel = 1;
				LastSwiftUpdateCheck = 1420;
				LastUpgradeCheck = 1420;
				TargetAttributes = {
					9380D52B2A9D7AFA002C92C9 = {
						CreatedOnToolsVersion = 14.2;
					};
				};
			};
			buildConfigurationList = 9380D5272A9D7AFA002C92C9 /* Build configuration list for PBXProject "AutosSwift" */;
			compatibilityVersion = "Xcode 14.0";
			developmentRegion = en;
			hasScannedForEncodings = 0;
			knownRegions = (
				en,
				Base,
			);
			mainGroup = 9380D5232A9D7AFA002C92C9;
			productRefGroup = 9380D52D2A9D7AFA002C92C9 /* Products */;
			projectDirPath = "";
			projectRoot = "";
			targets = (
				9380D52B2A9D7AFA002C92C9 /* AutosSwift */,
			);
		};
/* End PBXProject section */

/* Begin PBXResourcesBuildPhase section */
		9380D52A2A9D7AFA002C92C9 /* Resources */ = {
			isa = PBXResourcesBuildPhase;
			buildActionMask = 2147483647;
			files = (
				9380D53F2A9D7AFB002C92C9 /* LaunchScreen.storyboard in Resources */,
				9380D53C2A9D7AFB002C92C9 /* Assets.xcassets in Resources */,
				9380D5372A9D7AFA002C92C9 /* Main.storyboard in Resources */,
			);
			runOnlyForDeploymentPostprocessing = 0;
		};
/* End PBXResourcesBuildPhase section */

/* Begin PBXSourcesBuildPhase section */
		9380D5282A9D7AFA002C92C9 /* Sources */ = {
			isa = PBXSourcesBuildPhase;
			buildActionMask = 2147483647;
			files = (
				9380D5472A9D7CF1002C92C9 /* Auto.swift in Sources */,
				9380D53A2A9D7AFA002C92C9 /* AutosSwift.xcdatamodeld in Sources */,
				9380D5342A9D7AFA002C92C9 /* ViewController.swift in Sources */,
				9380D5302A9D7AFA002C92C9 /* AppDelegate.swift in Sources */,
				9380D5322A9D7AFA002C92C9 /* SceneDelegate.swift in Sources */,
			);
			runOnlyForDeploymentPostprocessing = 0;
		};
/* End PBXSourcesBuildPhase section */

/* Begin PBXVariantGroup section */
		9380D5352A9D7AFA002C92C9 /* Main.storyboard */ = {
			isa = PBXVariantGroup;
			children = (
				9380D5362A9D7AFA002C92C9 /* Base */,
			);
			name = Main.storyboard;
			sourceTree = "<group>";
		};
		9380D53D2A9D7AFB002C92C9 /* LaunchScreen.storyboard */ = {
			isa = PBXVariantGroup;
			children = (
				9380D53E2A9D7AFB002C92C9 /* Base */,
			);
			name = LaunchScreen.storyboard;
			sourceTree = "<group>";
		};
/* End PBXVariantGroup section */

/* Begin XCBuildConfiguration section */
		9380D5412A9D7AFB002C92C9 /* Debug */ = {
			isa = XCBuildConfiguration;
			buildSettings = {
				ALWAYS_SEARCH_USER_PATHS = NO;
				CLANG_ANALYZER_NONNULL = YES;
				CLANG_ANALYZER_NUMBER_OBJECT_CONVERSION = YES_AGGRESSIVE;
				CLANG_CXX_LANGUAGE_STANDARD = "gnu++20";
				CLANG_ENABLE_MODULES = YES;
				CLANG_ENABLE_OBJC_ARC = YES;
				CLANG_ENABLE_OBJC_WEAK = YES;
				CLANG_WARN_BLOCK_CAPTURE_AUTORELEASING = YES;
				CLANG_WARN_BOOL_CONVERSION = YES;
				CLANG_WARN_COMMA = YES;
				CLANG_WARN_CONSTANT_CONVERSION = YES;
				CLANG_WARN_DEPRECATED_OBJC_IMPLEMENTATIONS = YES;
				CLANG_WARN_DIRECT_OBJC_ISA_USAGE = YES_ERROR;
				CLANG_WARN_DOCUMENTATION_COMMENTS = YES;
				CLANG_WARN_EMPTY_BODY = YES;
				CLANG_WARN_ENUM_CONVERSION = YES;
				CLANG_WARN_INFINITE_RECURSION = YES;
				CLANG_WARN_INT_CONVERSION = YES;
				CLANG_WARN_NON_LITERAL_NULL_CONVERSION = YES;
				CLANG_WARN_OBJC_IMPLICIT_RETAIN_SELF = YES;
				CLANG_WARN_OBJC_LITERAL_CONVERSION = YES;
				CLANG_WARN_OBJC_ROOT_CLASS = YES_ERROR;
				CLANG_WARN_QUOTED_INCLUDE_IN_FRAMEWORK_HEADER = YES;
				CLANG_WARN_RANGE_LOOP_ANALYSIS = YES;
				CLANG_WARN_STRICT_PROTOTYPES = YES;
				CLANG_WARN_SUSPICIOUS_MOVE = YES;
				CLANG_WARN_UNGUARDED_AVAILABILITY = YES_AGGRESSIVE;
				CLANG_WARN_UNREACHABLE_CODE = YES;
				CLANG_WARN__DUPLICATE_METHOD_MATCH = YES;
				COPY_PHASE_STRIP = NO;
				DEBUG_INFORMATION_FORMAT = dwarf;
				ENABLE_STRICT_OBJC_MSGSEND = YES;
				ENABLE_TESTABILITY = YES;
				GCC_C_LANGUAGE_STANDARD = gnu11;
				GCC_DYNAMIC_NO_PIC = NO;
				GCC_NO_COMMON_BLOCKS = YES;
				GCC_OPTIMIZATION_LEVEL = 0;
				GCC_PREPROCESSOR_DEFINITIONS = (
					"DEBUG=1",
					"$(inherited)",
				);
				GCC_WARN_64_TO_32_BIT_CONVERSION = YES;
				GCC_WARN_ABOUT_RETURN_TYPE = YES_ERROR;
				GCC_WARN_UNDECLARED_SELECTOR = YES;
				GCC_WARN_UNINITIALIZED_AUTOS = YES_AGGRESSIVE;
				GCC_WARN_UNUSED_FUNCTION = YES;
				GCC_WARN_UNUSED_VARIABLE = YES;
				IPHONEOS_DEPLOYMENT_TARGET = 16.2;
				MTL_ENABLE_DEBUG_INFO = INCLUDE_SOURCE;
				MTL_FAST_MATH = YES;
				ONLY_ACTIVE_ARCH = YES;
				SDKROOT = iphoneos;
				SWIFT_ACTIVE_COMPILATION_CONDITIONS = DEBUG;
				SWIFT_OPTIMIZATION_LEVEL = "-Onone";
			};
			name = Debug;
		};
		9380D5422A9D7AFB002C92C9 /* Release */ = {
			isa = XCBuildConfiguration;
			buildSettings = {
				ALWAYS_SEARCH_USER_PATHS = NO;
				CLANG_ANALYZER_NONNULL = YES;
				CLANG_ANALYZER_NUMBER_OBJECT_CONVERSION = YES_AGGRESSIVE;
				CLANG_CXX_LANGUAGE_STANDARD = "gnu++20";
				CLANG_ENABLE_MODULES = YES;
				CLANG_ENABLE_OBJC_ARC = YES;
				CLANG_ENABLE_OBJC_WEAK = YES;
				CLANG_WARN_BLOCK_CAPTURE_AUTORELEASING = YES;
				CLANG_WARN_BOOL_CONVERSION = YES;
				CLANG_WARN_COMMA = YES;
				CLANG_WARN_CONSTANT_CONVERSION = YES;
				CLANG_WARN_DEPRECATED_OBJC_IMPLEMENTATIONS = YES;
				CLANG_WARN_DIRECT_OBJC_ISA_USAGE = YES_ERROR;
				CLANG_WARN_DOCUMENTATION_COMMENTS = YES;
				CLANG_WARN_EMPTY_BODY = YES;
				CLANG_WARN_ENUM_CONVERSION = YES;
				CLANG_WARN_INFINITE_RECURSION = YES;
				CLANG_WARN_INT_CONVERSION = YES;
				CLANG_WARN_NON_LITERAL_NULL_CONVERSION = YES;
				CLANG_WARN_OBJC_IMPLICIT_RETAIN_SELF = YES;
				CLANG_WARN_OBJC_LITERAL_CONVERSION = YES;
				CLANG_WARN_OBJC_ROOT_CLASS = YES_ERROR;
				CLANG_WARN_QUOTED_INCLUDE_IN_FRAMEWORK_HEADER = YES;
				CLANG_WARN_RANGE_LOOP_ANALYSIS = YES;
				CLANG_WARN_STRICT_PROTOTYPES = YES;
				CLANG_WARN_SUSPICIOUS_MOVE = YES;
				CLANG_WARN_UNGUARDED_AVAILABILITY = YES_AGGRESSIVE;
				CLANG_WARN_UNREACHABLE_CODE = YES;
				CLANG_WARN__DUPLICATE_METHOD_MATCH = YES;
				COPY_PHASE_STRIP = NO;
				DEBUG_INFORMATION_FORMAT = "dwarf-with-dsym";
				ENABLE_NS_ASSERTIONS = NO;
				ENABLE_STRICT_OBJC_MSGSEND = YES;
				GCC_C_LANGUAGE_STANDARD = gnu11;
				GCC_NO_COMMON_BLOCKS = YES;
				GCC_WARN_64_TO_32_BIT_CONVERSION = YES;
				GCC_WARN_ABOUT_RETURN_TYPE = YES_ERROR;
				GCC_WARN_UNDECLARED_SELECTOR = YES;
				GCC_WARN_UNINITIALIZED_AUTOS = YES_AGGRESSIVE;
				GCC_WARN_UNUSED_FUNCTION = YES;
				GCC_WARN_UNUSED_VARIABLE = YES;
				IPHONEOS_DEPLOYMENT_TARGET = 16.2;
				MTL_ENABLE_DEBUG_INFO = NO;
				MTL_FAST_MATH = YES;
				SDKROOT = iphoneos;
				SWIFT_COMPILATION_MODE = wholemodule;
				SWIFT_OPTIMIZATION_LEVEL = "-O";
				VALIDATE_PRODUCT = YES;
			};
			name = Release;
		};
		9380D5442A9D7AFB002C92C9 /* Debug */ = {
			isa = XCBuildConfiguration;
			buildSettings = {
				ASSETCATALOG_COMPILER_APPICON_NAME = AppIcon;
				ASSETCATALOG_COMPILER_GLOBAL_ACCENT_COLOR_NAME = AccentColor;
				CODE_SIGN_STYLE = Automatic;
				CURRENT_PROJECT_VERSION = 1;
				GENERATE_INFOPLIST_FILE = YES;
				INFOPLIST_FILE = AutosSwift/Info.plist;
				INFOPLIST_KEY_UIApplicationSupportsIndirectInputEvents = YES;
				INFOPLIST_KEY_UILaunchStoryboardName = LaunchScreen;
				INFOPLIST_KEY_UIMainStoryboardFile = Main;
				INFOPLIST_KEY_UISupportedInterfaceOrientations_iPad = "UIInterfaceOrientationPortrait UIInterfaceOrientationPortraitUpsideDown UIInterfaceOrientationLandscapeLeft UIInterfaceOrientationLandscapeRight";
				INFOPLIST_KEY_UISupportedInterfaceOrientations_iPhone = "UIInterfaceOrientationPortrait UIInterfaceOrientationLandscapeLeft UIInterfaceOrientationLandscapeRight";
				LD_RUNPATH_SEARCH_PATHS = (
					"$(inherited)",
					"@executable_path/Frameworks",
				);
				MARKETING_VERSION = 1.0;
				PRODUCT_BUNDLE_IDENTIFIER = com.ibero.AutosSwift;
				PRODUCT_NAME = "$(TARGET_NAME)";
				SWIFT_EMIT_LOC_STRINGS = YES;
				SWIFT_VERSION = 5.0;
				TARGETED_DEVICE_FAMILY = "1,2";
			};
			name = Debug;
		};
		9380D5452A9D7AFB002C92C9 /* Release */ = {
			isa = XCBuildConfiguration;
			buildSettings = {
				ASSETCATALOG_COMPILER_APPICON_NAME = AppIcon;
				ASSETCATALOG_COMPILER_GLOBAL_ACCENT_COLOR_NAME = AccentColor;
				CODE_SIGN_STYLE = Automatic;
				CURRENT_PROJECT_VERSION = 1;
				GENERATE_INFOPLIST_FILE = YES;
				INFOPLIST_FILE = AutosSwift/Info.plist;
				INFOPLIST_KEY_UIApplicationSupportsIndirectInputEvents = YES;
				INFOPLIST_KEY_UILaunchStoryboardName = LaunchScreen;
				INFOPLIST_KEY_UIMainStoryboardFile = Main;
				INFOPLIST_KEY_UISupportedInterfaceOrientations_iPad = "UIInterfaceOrientationPortrait UIInterfaceOrientationPortraitUpsideDown UIInterfaceOrientationLandscapeLeft UIInterfaceOrientationLandscapeRight";
				INFOPLIST_KEY_UISupportedInterfaceOrientations_iPhone = "UIInterfaceOrientationPortrait UIInterfaceOrientationLandscapeLeft UIInterfaceOrientationLandscapeRight";
				LD_RUNPATH_SEARCH_PATHS = (
					"$(inherited)",
					"@executable_path/Frameworks",
				);
				MARKETING_VERSION = 1.0;
				PRODUCT_BUNDLE_IDENTIFIER = com.ibero.AutosSwift;
				PRODUCT_NAME = "$(TARGET_NAME)";
				SWIFT_EMIT_LOC_STRINGS = YES;
				SWIFT_VERSION = 5.0;
				TARGETED_DEVICE_FAMILY = "1,2";
			};
			name = Release;
		};
/* End XCBuildConfiguration section */

/* Begin XCConfigurationList section */
		9380D5272A9D7AFA002C92C9 /* Build configuration list for PBXProject "AutosSwift" */ = {
			isa = XCConfigurationList;
			buildConfigurations = (
				9380D5412A9D7AFB002C92C9 /* Debug */,
				9380D5422A9D7AFB002C92C9 /* Release */,
			);
			defaultConfigurationIsVisible = 0;
			defaultConfigurationName = Release;
		};
		9380D5432A9D7AFB002C92C9 /* Build configuration list for PBXNativeTarget "AutosSwift" */ = {
			isa = XCConfigurationList;
			buildConfigurations = (
				9380D5442A9D7AFB002C92C9 /* Debug */,
				9380D5452A9D7AFB002C92C9 /* Release */,
			);
			defaultConfigurationIsVisible = 0;
			defaultConfigurationName = Release;
		};
/* End XCConfigurationList section */

/* Begin XCVersionGroup section */
		9380D5382A9D7AFA002C92C9 /* AutosSwift.xcdatamodeld */ = {
			isa = XCVersionGroup;
			children = (
				9380D5392A9D7AFA002C92C9 /* AutosSwift.xcdatamodel */,
			);
			currentVersion = 9380D5392A9D7AFA002C92C9 /* AutosSwift.xcdatamodel */;
			path = AutosSwift.xcdatamodeld;
			sourceTree = "<group>";
			versionGroupType = wrapper.xcdatamodel;
		};
/* End XCVersionGroup section */
	};
	rootObject = 9380D5242A9D7AFA002C92C9 /* Project object */;
}
